
Microsoft Visual Studio Solution File, Format Version 12.00
# Visual Studio 15
VisualStudioVersion = 15.0.28307.852
MinimumVisualStudioVersion = 10.0.40219.1
Project("{FAE04EC0-301F-11D3-BF4B-00C04F79EFBC}") = "DevB2", "DevB2\DevB2.csproj", "{2AF53ECD-63AF-48D8-BCE5-BE9DC4BB769E}"
EndProject
Project("{FAE04EC0-301F-11D3-BF4B-00C04F79EFBC}") = "TestCoordonnees", "TestCoordonnees\TestCoordonnees.csproj", "{DD09C1C0-1DDB-4311-AC5F-FD2250972A2B}"
EndProject
Global
	GlobalSection(SolutionConfigurationPlatforms) = preSolution
		Debug|Any CPU = Debug|Any CPU
		Release|Any CPU = Release|Any CPU
	EndGlobalSection
	GlobalSection(ProjectConfigurationPlatforms) = postSolution
		{2AF53ECD-63AF-48D8-BCE5-BE9DC4BB769E}.Debug|Any CPU.ActiveCfg = Debug|Any CPU
		{2AF53ECD-63AF-48D8-BCE5-BE9DC4BB769E}.Debug|Any CPU.Build.0 = Debug|Any CPU
		{2AF53ECD-63AF-48D8-BCE5-BE9DC4BB769E}.Release|Any CPU.ActiveCfg = Release|Any CPU
		{2AF53ECD-63AF-48D8-BCE5-BE9DC4BB769E}.Release|Any CPU.Build.0 = Release|Any CPU
		{DD09C1C0-1DDB-4311-AC5F-FD2250972A2B}.Debug|Any CPU.ActiveCfg = Debug|Any CPU
		{DD09C1C0-1DDB-4311-AC5F-FD2250972A2B}.Debug|Any CPU.Build.0 = Debug|Any CPU
		{DD09C1C0-1DDB-4311-AC5F-FD2250972A2B}.Release|Any CPU.ActiveCfg = Release|Any CPU
		{DD09C1C0-1DDB-4311-AC5F-FD2250972A2B}.Release|Any CPU.Build.0 = Release|Any CPU
	EndGlobalSection
	GlobalSection(SolutionProperties) = preSolution
		HideSolutionNode = FALSE
	EndGlobalSection
	GlobalSection(ExtensibilityGlobals) = postSolution
		SolutionGuid = {067A1D0D-F18F-45C7-8022-81EFAF8775D1}
	EndGlobalSection
EndGlobal
